{
    "name": "e2e-tests",
    "version": "1.0.0",
    "lockfileVersion": 2,
    "requires": true,
    "packages": {
      "": {
        "name": "e2e-tests",
        "version": "1.0.0",
        "license": "ISC",
        "dependencies": {
          "puppeteer": "^13.0.0"
        }
      },
      "node_modules/puppeteer": {
        "version": "13.0.0",
        "resolved": "https://registry.npmjs.org/puppeteer/-/puppeteer-13.0.0.tgz",
        "integrity": "sha512-YOUR-INTEGRITY-HASH",
        "dependencies": {
          "glob": "^7.1.4"
        }
      }
    }
  }